// !$*UTF8*$!
{
	archiveVersion = 1;
	classes = {
	};
	objectVersion = 77;
	objects = {

/* Begin PBXContainerItemProxy section */
		CDBED6072D8AAB0200D28B9F /* PBXContainerItemProxy */ = {
			isa = PBXContainerItemProxy;
			containerPortal = CDBED5EE2D8AAAFF00D28B9F /* Project object */;
			proxyType = 1;
			remoteGlobalIDString = CDBED5F52D8AAAFF00D28B9F;
			remoteInfo = iOSapp;
		};
		CDBED6112D8AAB0200D28B9F /* PBXContainerItemProxy */ = {
			isa = PBXContainerItemProxy;
			containerPortal = CDBED5EE2D8AAAFF00D28B9F /* Project object */;
			proxyType = 1;
			remoteGlobalIDString = CDBED5F52D8AAAFF00D28B9F;
			remoteInfo = iOSapp;
		};
/* End PBXContainerItemProxy section */

/* Begin PBXFileReference section */
		CDBED5F62D8AAAFF00D28B9F /* iOSapp.app */ = {isa = PBXFileReference; explicitFileType = wrapper.application; includeInIndex = 0; path = iOSapp.app; sourceTree = BUILT_PRODUCTS_DIR; };
		CDBED6062D8AAB0200D28B9F /* iOSappTests.xctest */ = {isa = PBXFileReference; explicitFileType = wrapper.cfbundle; includeInIndex = 0; path = iOSappTests.xctest; sourceTree = BUILT_PRODUCTS_DIR; };
		CDBED6102D8AAB0200D28B9F /* iOSappUITests.xctest */ = {isa = PBXFileReference; explicitFileType = wrapper.cfbundle; includeInIndex = 0; path = iOSappUITests.xctest; sourceTree = BUILT_PRODUCTS_DIR; };
/* End PBXFileReference section */

/* Begin PBXFileSystemSynchronizedBuildFileExceptionSet section */
		CD24742E2DF934BA00DA42A8 /* Exceptions for "iOSapp" folder in "iOSapp" target */ = {
			isa = PBXFileSystemSynchronizedBuildFileExceptionSet;
			membershipExceptions = (
				Info.plist,
			);
			target = CDBED5F52D8AAAFF00D28B9F /* iOSapp */;
		};
/* End PBXFileSystemSynchronizedBuildFileExceptionSet section */

/* Begin PBXFileSystemSynchronizedRootGroup section */
		CDBED5F82D8AAAFF00D28B9F /* iOSapp */ = {
			isa = PBXFileSystemSynchronizedRootGroup;
			exceptions = (
				CD24742E2DF934BA00DA42A8 /* Exceptions for "iOSapp" folder in "iOSapp" target */,
			);
			path = iOSapp;
			sourceTree = "<group>";
		};
		CDBED6092D8AAB0200D28B9F /* iOSappTests */ = {
			isa = PBXFileSystemSynchronizedRootGroup;
			path = iOSappTests;
			sourceTree = "<group>";
		};
		CDBED6132D8AAB0200D28B9F /* iOSappUITests */ = {
			isa = PBXFileSystemSynchronizedRootGroup;
			path = iOSappUITests;
			sourceTree = "<group>";
		};
/* End PBXFileSystemSynchronizedRootGroup section */

/* Begin PBXFrameworksBuildPhase section */
		CDBED5F32D8AAAFF00D28B9F /* Frameworks */ = {
			isa = PBXFrameworksBuildPhase;
			buildActionMask = 2147483647;
			files = (
			);
			runOnlyForDeploymentPostprocessing = 0;
		};
		CDBED6032D8AAB0200D28B9F /* Frameworks */ = {
			isa = PBXFrameworksBuildPhase;
			buildActionMask = 2147483647;
			files = (
			);
			runOnlyForDeploymentPostprocessing = 0;
		};
		CDBED60D2D8AAB0200D28B9F /* Frameworks */ = {
			isa = PBXFrameworksBuildPhase;
			buildActionMask = 2147483647;
			files = (
			);
			runOnlyForDeploymentPostprocessing = 0;
		};
/* End PBXFrameworksBuildPhase section */

/* Begin PBXGroup section */
		CDBED5ED2D8AAAFF00D28B9F = {
			isa = PBXGroup;
			children = (
				CDBED5F82D8AAAFF00D28B9F /* iOSapp */,
				CDBED6092D8AAB0200D28B9F /* iOSappTests */,
				CDBED6132D8AAB0200D28B9F /* iOSappUITests */,
				CDBED5F72D8AAAFF00D28B9F /* Products */,
			);
			sourceTree = "<group>";
		};
		CDBED5F72D8AAAFF00D28B9F /* Products */ = {
			isa = PBXGroup;
			children = (
				CDBED5F62D8AAAFF00D28B9F /* iOSapp.app */,
				CDBED6062D8AAB0200D28B9F /* iOSappTests.xctest */,
				CDBED6102D8AAB0200D28B9F /* iOSappUITests.xctest */,
			);
			name = Products;
			sourceTree = "<group>";
		};
/* End PBXGroup section */

/* Begin PBXNativeTarget section */
		CDBED5F52D8AAAFF00D28B9F /* iOSapp */ = {
			isa = PBXNativeTarget;
			buildConfigurationList = CDBED61A2D8AAB0200D28B9F /* Build configuration list for PBXNativeTarget "iOSapp" */;
			buildPhases = (
				CDBED5F22D8AAAFF00D28B9F /* Sources */,
				CDBED5F32D8AAAFF00D28B9F /* Frameworks */,
				CDBED5F42D8AAAFF00D28B9F /* Resources */,
			);
			buildRules = (
			);
			dependencies = (
			);
			fileSystemSynchronizedGroups = (
				CDBED5F82D8AAAFF00D28B9F /* iOSapp */,
			);
			name = iOSapp;
			packageProductDependencies = (
			);
			productName = iOSapp;
			productReference = CDBED5F62D8AAAFF00D28B9F /* iOSapp.app */;
			productType = "com.apple.product-type.application";
		};
		CDBED6052D8AAB0200D28B9F /* iOSappTests */ = {
			isa = PBXNativeTarget;
			buildConfigurationList = CDBED61D2D8AAB0200D28B9F /* Build configuration list for PBXNativeTarget "iOSappTests" */;
			buildPhases = (
				CDBED6022D8AAB0200D28B9F /* Sources */,
				CDBED6032D8AAB0200D28B9F /* Frameworks */,
				CDBED6042D8AAB0200D28B9F /* Resources */,
			);
			buildRules = (
			);
			dependencies = (
				CDBED6082D8AAB0200D28B9F /* PBXTargetDependency */,
			);
			fileSystemSynchronizedGroups = (
				CDBED6092D8AAB0200D28B9F /* iOSappTests */,
			);
			name = iOSappTests;
			packageProductDependencies = (
			);
			productName = iOSappTests;
			productReference = CDBED6062D8AAB0200D28B9F /* iOSappTests.xctest */;
			productType = "com.apple.product-type.bundle.unit-test";
		};
		CDBED60F2D8AAB0200D28B9F /* iOSappUITests */ = {
			isa = PBXNativeTarget;
			buildConfigurationList = CDBED6202D8AAB0200D28B9F /* Build configuration list for PBXNativeTarget "iOSappUITests" */;
			buildPhases = (
				CDBED60C2D8AAB0200D28B9F /* Sources */,
				CDBED60D2D8AAB0200D28B9F /* Frameworks */,
				CDBED60E2D8AAB0200D28B9F /* Resources */,
			);
			buildRules = (
			);
			dependencies = (
				CDBED6122D8AAB0200D28B9F /* PBXTargetDependency */,
			);
			fileSystemSynchronizedGroups = (
				CDBED6132D8AAB0200D28B9F /* iOSappUITests */,
			);
			name = iOSappUITests;
			packageProductDependencies = (
			);
			productName = iOSappUITests;
			productReference = CDBED6102D8AAB0200D28B9F /* iOSappUITests.xctest */;
			productType = "com.apple.product-type.bundle.ui-testing";
		};
/* End PBXNativeTarget section */

/* Begin PBXProject section */
		CDBED5EE2D8AAAFF00D28B9F /* Project object */ = {
			isa = PBXProject;
			attributes = {
				BuildIndependentTargetsInParallel = 1;
				LastSwiftUpdateCheck = 1620;
				LastUpgradeCheck = 1620;
				TargetAttributes = {
					CDBED5F52D8AAAFF00D28B9F = {
						CreatedOnToolsVersion = 16.2;
					};
					CDBED6052D8AAB0200D28B9F = {
						CreatedOnToolsVersion = 16.2;
						TestTargetID = CDBED5F52D8AAAFF00D28B9F;
					};
					CDBED60F2D8AAB0200D28B9F = {
						CreatedOnToolsVersion = 16.2;
						TestTargetID = CDBED5F52D8AAAFF00D28B9F;
					};
				};
			};
			buildConfigurationList = CDBED5F12D8AAAFF00D28B9F /* Build configuration list for PBXProject "iOSapp" */;
			developmentRegion = en;
			hasScannedForEncodings = 0;
			knownRegions = (
				en,
				Base,
			);
			mainGroup = CDBED5ED2D8AAAFF00D28B9F;
			minimizedProjectReferenceProxies = 1;
			preferredProjectObjectVersion = 77;
			productRefGroup = CDBED5F72D8AAAFF00D28B9F /* Products */;
			projectDirPath = "";
			projectRoot = "";
			targets = (
				CDBED5F52D8AAAFF00D28B9F /* iOSapp */,
				CDBED6052D8AAB0200D28B9F /* iOSappTests */,
				CDBED60F2D8AAB0200D28B9F /* iOSappUITests */,
			);
		};
/* End PBXProject section */

/* Begin PBXResourcesBuildPhase section */
		CDBED5F42D8AAAFF00D28B9F /* Resources */ = {
			isa = PBXResourcesBuildPhase;
			buildActionMask = 2147483647;
			files = (
			);
			runOnlyForDeploymentPostprocessing = 0;
		};
		CDBED6042D8AAB0200D28B9F /* Resources */ = {
			isa = PBXResourcesBuildPhase;
			buildActionMask = 2147483647;
			files = (
			);
			runOnlyForDeploymentPostprocessing = 0;
		};
		CDBED60E2D8AAB0200D28B9F /* Resources */ = {
			isa = PBXResourcesBuildPhase;
			buildActionMask = 2147483647;
			files = (
			);
			runOnlyForDeploymentPostprocessing = 0;
		};
/* End PBXResourcesBuildPhase section */

/* Begin PBXSourcesBuildPhase section */
		CDBED5F22D8AAAFF00D28B9F /* Sources */ = {
			isa = PBXSourcesBuildPhase;
			buildActionMask = 2147483647;
			files = (
			);
			runOnlyForDeploymentPostprocessing = 0;
		};
		CDBED6022D8AAB0200D28B9F /* Sources */ = {
			isa = PBXSourcesBuildPhase;
			buildActionMask = 2147483647;
			files = (
			);
			runOnlyForDeploymentPostprocessing = 0;
		};
		CDBED60C2D8AAB0200D28B9F /* Sources */ = {
			isa = PBXSourcesBuildPhase;
			buildActionMask = 2147483647;
			files = (
			);
			runOnlyForDeploymentPostprocessing = 0;
		};
/* End PBXSourcesBuildPhase section */

/* Begin PBXTargetDependency section */
		CDBED6082D8AAB0200D28B9F /* PBXTargetDependency */ = {
			isa = PBXTargetDependency;
			target = CDBED5F52D8AAAFF00D28B9F /* iOSapp */;
			targetProxy = CDBED6072D8AAB0200D28B9F /* PBXContainerItemProxy */;
		};
		CDBED6122D8AAB0200D28B9F /* PBXTargetDependency */ = {
			isa = PBXTargetDependency;
			target = CDBED5F52D8AAAFF00D28B9F /* iOSapp */;
			targetProxy = CDBED6112D8AAB0200D28B9F /* PBXContainerItemProxy */;
		};
/* End PBXTargetDependency section */

/* Begin XCBuildConfiguration section */
		CDBED6182D8AAB0200D28B9F /* Debug */ = {
			isa = XCBuildConfiguration;
			buildSettings = {
				ALWAYS_SEARCH_USER_PATHS = NO;
				ASSETCATALOG_COMPILER_GENERATE_SWIFT_ASSET_SYMBOL_EXTENSIONS = YES;
				CLANG_ANALYZER_NONNULL = YES;
				CLANG_ANALYZER_NUMBER_OBJECT_CONVERSION = YES_AGGRESSIVE;
				CLANG_CXX_LANGUAGE_STANDARD = "gnu++20";
				CLANG_ENABLE_MODULES = YES;
				CLANG_ENABLE_OBJC_ARC = YES;
				CLANG_ENABLE_OBJC_WEAK = YES;
				CLANG_WARN_BLOCK_CAPTURE_AUTORELEASING = YES;
				CLANG_WARN_BOOL_CONVERSION = YES;
				CLANG_WARN_COMMA = YES;
				CLANG_WARN_CONSTANT_CONVERSION = YES;
				CLANG_WARN_DEPRECATED_OBJC_IMPLEMENTATIONS = YES;
				CLANG_WARN_DIRECT_OBJC_ISA_USAGE = YES_ERROR;
				CLANG_WARN_DOCUMENTATION_COMMENTS = YES;
				CLANG_WARN_EMPTY_BODY = YES;
				CLANG_WARN_ENUM_CONVERSION = YES;
				CLANG_WARN_INFINITE_RECURSION = YES;
				CLANG_WARN_INT_CONVERSION = YES;
				CLANG_WARN_NON_LITERAL_NULL_CONVERSION = YES;
				CLANG_WARN_OBJC_IMPLICIT_RETAIN_SELF = YES;
				CLANG_WARN_OBJC_LITERAL_CONVERSION = YES;
				CLANG_WARN_OBJC_ROOT_CLASS = YES_ERROR;
				CLANG_WARN_QUOTED_INCLUDE_IN_FRAMEWORK_HEADER = YES;
				CLANG_WARN_RANGE_LOOP_ANALYSIS = YES;
				CLANG_WARN_STRICT_PROTOTYPES = YES;
				CLANG_WARN_SUSPICIOUS_MOVE = YES;
				CLANG_WARN_UNGUARDED_AVAILABILITY = YES_AGGRESSIVE;
				CLANG_WARN_UNREACHABLE_CODE = YES;
				CLANG_WARN__DUPLICATE_METHOD_MATCH = YES;
				COPY_PHASE_STRIP = NO;
				DEBUG_INFORMATION_FORMAT = dwarf;
				ENABLE_STRICT_OBJC_MSGSEND = YES;
				ENABLE_TESTABILITY = YES;
				ENABLE_USER_SCRIPT_SANDBOXING = YES;
				GCC_C_LANGUAGE_STANDARD = gnu17;
				GCC_DYNAMIC_NO_PIC = NO;
				GCC_NO_COMMON_BLOCKS = YES;
				GCC_OPTIMIZATION_LEVEL = 0;
				GCC_PREPROCESSOR_DEFINITIONS = (
					"DEBUG=1",
					"$(inherited)",
				);
				GCC_WARN_64_TO_32_BIT_CONVERSION = YES;
				GCC_WARN_ABOUT_RETURN_TYPE = YES_ERROR;
				GCC_WARN_UNDECLARED_SELECTOR = YES;
				GCC_WARN_UNINITIALIZED_AUTOS = YES_AGGRESSIVE;
				GCC_WARN_UNUSED_FUNCTION = YES;
				GCC_WARN_UNUSED_VARIABLE = YES;
				IPHONEOS_DEPLOYMENT_TARGET = 18.2;
				LOCALIZATION_PREFERS_STRING_CATALOGS = YES;
				MTL_ENABLE_DEBUG_INFO = INCLUDE_SOURCE;
				MTL_FAST_MATH = YES;
				ONLY_ACTIVE_ARCH = YES;
				SDKROOT = iphoneos;
				SWIFT_ACTIVE_COMPILATION_CONDITIONS = "DEBUG $(inherited)";
				SWIFT_OPTIMIZATION_LEVEL = "-Onone";
			};
			name = Debug;
		};
		CDBED6192D8AAB0200D28B9F /* Release */ = {
			isa = XCBuildConfiguration;
			buildSettings = {
				ALWAYS_SEARCH_USER_PATHS = NO;
				ASSETCATALOG_COMPILER_GENERATE_SWIFT_ASSET_SYMBOL_EXTENSIONS = YES;
				CLANG_ANALYZER_NONNULL = YES;
				CLANG_ANALYZER_NUMBER_OBJECT_CONVERSION = YES_AGGRESSIVE;
				CLANG_CXX_LANGUAGE_STANDARD = "gnu++20";
				CLANG_ENABLE_MODULES = YES;
				CLANG_ENABLE_OBJC_ARC = YES;
				CLANG_ENABLE_OBJC_WEAK = YES;
				CLANG_WARN_BLOCK_CAPTURE_AUTORELEASING = YES;
				CLANG_WARN_BOOL_CONVERSION = YES;
				CLANG_WARN_COMMA = YES;
				CLANG_WARN_CONSTANT_CONVERSION = YES;
				CLANG_WARN_DEPRECATED_OBJC_IMPLEMENTATIONS = YES;
				CLANG_WARN_DIRECT_OBJC_ISA_USAGE = YES_ERROR;
				CLANG_WARN_DOCUMENTATION_COMMENTS = YES;
				CLANG_WARN_EMPTY_BODY = YES;
				CLANG_WARN_ENUM_CONVERSION = YES;
				CLANG_WARN_INFINITE_RECURSION = YES;
				CLANG_WARN_INT_CONVERSION = YES;
				CLANG_WARN_NON_LITERAL_NULL_CONVERSION = YES;
				CLANG_WARN_OBJC_IMPLICIT_RETAIN_SELF = YES;
				CLANG_WARN_OBJC_LITERAL_CONVERSION = YES;
				CLANG_WARN_OBJC_ROOT_CLASS = YES_ERROR;
				CLANG_WARN_QUOTED_INCLUDE_IN_FRAMEWORK_HEADER = YES;
				CLANG_WARN_RANGE_LOOP_ANALYSIS = YES;
				CLANG_WARN_STRICT_PROTOTYPES = YES;
				CLANG_WARN_SUSPICIOUS_MOVE = YES;
				CLANG_WARN_UNGUARDED_AVAILABILITY = YES_AGGRESSIVE;
				CLANG_WARN_UNREACHABLE_CODE = YES;
				CLANG_WARN__DUPLICATE_METHOD_MATCH = YES;
				COPY_PHASE_STRIP = NO;
				DEBUG_INFORMATION_FORMAT = "dwarf-with-dsym";
				ENABLE_NS_ASSERTIONS = NO;
				ENABLE_STRICT_OBJC_MSGSEND = YES;
				ENABLE_USER_SCRIPT_SANDBOXING = YES;
				GCC_C_LANGUAGE_STANDARD = gnu17;
				GCC_NO_COMMON_BLOCKS = YES;
				GCC_WARN_64_TO_32_BIT_CONVERSION = YES;
				GCC_WARN_ABOUT_RETURN_TYPE = YES_ERROR;
				GCC_WARN_UNDECLARED_SELECTOR = YES;
				GCC_WARN_UNINITIALIZED_AUTOS = YES_AGGRESSIVE;
				GCC_WARN_UNUSED_FUNCTION = YES;
				GCC_WARN_UNUSED_VARIABLE = YES;
				IPHONEOS_DEPLOYMENT_TARGET = 18.2;
				LOCALIZATION_PREFERS_STRING_CATALOGS = YES;
				MTL_ENABLE_DEBUG_INFO = NO;
				MTL_FAST_MATH = YES;
				SDKROOT = iphoneos;
				SWIFT_COMPILATION_MODE = wholemodule;
				VALIDATE_PRODUCT = YES;
			};
			name = Release;
		};
		CDBED61B2D8AAB0200D28B9F /* Debug */ = {
			isa = XCBuildConfiguration;
			buildSettings = {
				ASSETCATALOG_COMPILER_APPICON_NAME = AppIcon;
				ASSETCATALOG_COMPILER_GLOBAL_ACCENT_COLOR_NAME = AccentColor;
				CODE_SIGN_STYLE = Automatic;
				CURRENT_PROJECT_VERSION = 1;
				DEVELOPMENT_ASSET_PATHS = "\"iOSapp/Preview Content\"";
				DEVELOPMENT_TEAM = 727AN67X7V;
				DONT_GENERATE_INFOPLIST_FILE = NO;
				ENABLE_PREVIEWS = YES;
				GENERATE_INFOPLIST_FILE = NO;
				INFOPLIST_FILE = "$(SRCROOT)/iOSapp/Info.plist";
				INFOPLIST_KEY_CFBundleDisplayName = rtlinkiOSApp;
				INFOPLIST_KEY_NSCameraUsageDescription = "我们需要访问您的相机以拍摄照片";
				INFOPLIST_KEY_UIApplicationSceneManifest_Generation = YES;
				INFOPLIST_KEY_UIApplicationSupportsIndirectInputEvents = YES;
				INFOPLIST_KEY_UILaunchScreen_Generation = YES;
				INFOPLIST_KEY_UIRequiredDeviceCapabilities = arm64;
				INFOPLIST_KEY_UISupportedInterfaceOrientations = "UIInterfaceOrientationLandscapeLeft UIInterfaceOrientationLandscapeRight UIInterfaceOrientationPortrait";
				INFOPLIST_KEY_UISupportedInterfaceOrientations_iPad = "UIInterfaceOrientationLandscapeLeft UIInterfaceOrientationLandscapeRight UIInterfaceOrientationPortrait UIInterfaceOrientationPortraitUpsideDown";
				IPHONEOS_DEPLOYMENT_TARGET = 17.6;
				LD_RUNPATH_SEARCH_PATHS = (
					"$(inherited)",
					"@executable_path/Frameworks",
				);
				MARKETING_VERSION = 1.0;
				PRODUCT_BUNDLE_IDENTIFIER = com.zbc.iOSapp;
				PRODUCT_NAME = "$(TARGET_NAME)";
				SWIFT_EMIT_LOC_STRINGS = YES;
				SWIFT_VERSION = 5.0;
				TARGETED_DEVICE_FAMILY = "1,2";
			};
			name = Debug;
		};
		CDBED61C2D8AAB0200D28B9F /* Release */ = {
			isa = XCBuildConfiguration;
			buildSettings = {
				ASSETCATALOG_COMPILER_APPICON_NAME = AppIcon;
				ASSETCATALOG_COMPILER_GLOBAL_ACCENT_COLOR_NAME = AccentColor;
				CODE_SIGN_STYLE = Automatic;
				CURRENT_PROJECT_VERSION = 1;
				DEVELOPMENT_ASSET_PATHS = "\"iOSapp/Preview Content\"";
				DEVELOPMENT_TEAM = 727AN67X7V;
				DONT_GENERATE_INFOPLIST_FILE = NO;
				ENABLE_PREVIEWS = YES;
				GENERATE_INFOPLIST_FILE = NO;
				INFOPLIST_FILE = "$(SRCROOT)/iOSapp/Info.plist";
				INFOPLIST_KEY_CFBundleDisplayName = rtlinkiOSApp;
				INFOPLIST_KEY_NSCameraUsageDescription = "我们需要访问您的相机以拍摄照片";
				INFOPLIST_KEY_UIApplicationSceneManifest_Generation = YES;
				INFOPLIST_KEY_UIApplicationSupportsIndirectInputEvents = YES;
				INFOPLIST_KEY_UILaunchScreen_Generation = YES;
				INFOPLIST_KEY_UIRequiredDeviceCapabilities = arm64;
				INFOPLIST_KEY_UISupportedInterfaceOrientations = "UIInterfaceOrientationLandscapeLeft UIInterfaceOrientationLandscapeRight UIInterfaceOrientationPortrait";
				INFOPLIST_KEY_UISupportedInterfaceOrientations_iPad = "UIInterfaceOrientationLandscapeLeft UIInterfaceOrientationLandscapeRight UIInterfaceOrientationPortrait UIInterfaceOrientationPortraitUpsideDown";
				IPHONEOS_DEPLOYMENT_TARGET = 17.6;
				LD_RUNPATH_SEARCH_PATHS = (
					"$(inherited)",
					"@executable_path/Frameworks",
				);
				MARKETING_VERSION = 1.0;
				PRODUCT_BUNDLE_IDENTIFIER = com.zbc.iOSapp;
				PRODUCT_NAME = "$(TARGET_NAME)";
				SWIFT_EMIT_LOC_STRINGS = YES;
				SWIFT_VERSION = 5.0;
				TARGETED_DEVICE_FAMILY = "1,2";
			};
			name = Release;
		};
		CDBED61E2D8AAB0200D28B9F /* Debug */ = {
			isa = XCBuildConfiguration;
			buildSettings = {
				BUNDLE_LOADER = "$(TEST_HOST)";
				CODE_SIGN_STYLE = Automatic;
				CURRENT_PROJECT_VERSION = 1;
				DEVELOPMENT_TEAM = 727AN67X7V;
				GENERATE_INFOPLIST_FILE = YES;
				IPHONEOS_DEPLOYMENT_TARGET = 18.2;
				MARKETING_VERSION = 1.0;
				PRODUCT_BUNDLE_IDENTIFIER = com.zbc.iOSappTests;
				PRODUCT_NAME = "$(TARGET_NAME)";
				SWIFT_EMIT_LOC_STRINGS = NO;
				SWIFT_VERSION = 5.0;
				TARGETED_DEVICE_FAMILY = "1,2";
				TEST_HOST = "$(BUILT_PRODUCTS_DIR)/iOSapp.app/$(BUNDLE_EXECUTABLE_FOLDER_PATH)/iOSapp";
			};
			name = Debug;
		};
		CDBED61F2D8AAB0200D28B9F /* Release */ = {
			isa = XCBuildConfiguration;
			buildSettings = {
				BUNDLE_LOADER = "$(TEST_HOST)";
				CODE_SIGN_STYLE = Automatic;
				CURRENT_PROJECT_VERSION = 1;
				DEVELOPMENT_TEAM = 727AN67X7V;
				GENERATE_INFOPLIST_FILE = YES;
				IPHONEOS_DEPLOYMENT_TARGET = 18.2;
				MARKETING_VERSION = 1.0;
				PRODUCT_BUNDLE_IDENTIFIER = com.zbc.iOSappTests;
				PRODUCT_NAME = "$(TARGET_NAME)";
				SWIFT_EMIT_LOC_STRINGS = NO;
				SWIFT_VERSION = 5.0;
				TARGETED_DEVICE_FAMILY = "1,2";
				TEST_HOST = "$(BUILT_PRODUCTS_DIR)/iOSapp.app/$(BUNDLE_EXECUTABLE_FOLDER_PATH)/iOSapp";
			};
			name = Release;
		};
		CDBED6212D8AAB0200D28B9F /* Debug */ = {
			isa = XCBuildConfiguration;
			buildSettings = {
				CODE_SIGN_STYLE = Automatic;
				CURRENT_PROJECT_VERSION = 1;
				DEVELOPMENT_TEAM = 727AN67X7V;
				GENERATE_INFOPLIST_FILE = YES;
				MARKETING_VERSION = 1.0;
				PRODUCT_BUNDLE_IDENTIFIER = com.zbc.iOSappUITests;
				PRODUCT_NAME = "$(TARGET_NAME)";
				SWIFT_EMIT_LOC_STRINGS = NO;
				SWIFT_VERSION = 5.0;
				TARGETED_DEVICE_FAMILY = "1,2";
				TEST_TARGET_NAME = iOSapp;
			};
			name = Debug;
		};
		CDBED6222D8AAB0200D28B9F /* Release */ = {
			isa = XCBuildConfiguration;
			buildSettings = {
				CODE_SIGN_STYLE = Automatic;
				CURRENT_PROJECT_VERSION = 1;
				DEVELOPMENT_TEAM = 727AN67X7V;
				GENERATE_INFOPLIST_FILE = YES;
				MARKETING_VERSION = 1.0;
				PRODUCT_BUNDLE_IDENTIFIER = com.zbc.iOSappUITests;
				PRODUCT_NAME = "$(TARGET_NAME)";
				SWIFT_EMIT_LOC_STRINGS = NO;
				SWIFT_VERSION = 5.0;
				TARGETED_DEVICE_FAMILY = "1,2";
				TEST_TARGET_NAME = iOSapp;
			};
			name = Release;
		};
/* End XCBuildConfiguration section */

/* Begin XCConfigurationList section */
		CDBED5F12D8AAAFF00D28B9F /* Build configuration list for PBXProject "iOSapp" */ = {
			isa = XCConfigurationList;
			buildConfigurations = (
				CDBED6182D8AAB0200D28B9F /* Debug */,
				CDBED6192D8AAB0200D28B9F /* Release */,
			);
			defaultConfigurationIsVisible = 0;
			defaultConfigurationName = Release;
		};
		CDBED61A2D8AAB0200D28B9F /* Build configuration list for PBXNativeTarget "iOSapp" */ = {
			isa = XCConfigurationList;
			buildConfigurations = (
				CDBED61B2D8AAB0200D28B9F /* Debug */,
				CDBED61C2D8AAB0200D28B9F /* Release */,
			);
			defaultConfigurationIsVisible = 0;
			defaultConfigurationName = Release;
		};
		CDBED61D2D8AAB0200D28B9F /* Build configuration list for PBXNativeTarget "iOSappTests" */ = {
			isa = XCConfigurationList;
			buildConfigurations = (
				CDBED61E2D8AAB0200D28B9F /* Debug */,
				CDBED61F2D8AAB0200D28B9F /* Release */,
			);
			defaultConfigurationIsVisible = 0;
			defaultConfigurationName = Release;
		};
		CDBED6202D8AAB0200D28B9F /* Build configuration list for PBXNativeTarget "iOSappUITests" */ = {
			isa = XCConfigurationList;
			buildConfigurations = (
				CDBED6212D8AAB0200D28B9F /* Debug */,
				CDBED6222D8AAB0200D28B9F /* Release */,
			);
			defaultConfigurationIsVisible = 0;
			defaultConfigurationName = Release;
		};
/* End XCConfigurationList section */
	};
	rootObject = CDBED5EE2D8AAAFF00D28B9F /* Project object */;
}
